// !$*UTF8*$!
{
	archiveVersion = 1;
	classes = {
	};
	objectVersion = 50;
	objects = {

/* Begin PBXBuildFile section */
		43B6CCE22305D33300B87795 /* AppDelegate.swift in Sources */ = {isa = PBXBuildFile; fileRef = 43B6CCE12305D33300B87795 /* AppDelegate.swift */; };
		43B6CCE42305D33300B87795 /* SceneDelegate.swift in Sources */ = {isa = PBXBuildFile; fileRef = 43B6CCE32305D33300B87795 /* SceneDelegate.swift */; };
		43B6CCE72305D33300B87795 /* ToDo_SwiftUI.xcdatamodeld in Sources */ = {isa = PBXBuildFile; fileRef = 43B6CCE52305D33300B87795 /* ToDo_SwiftUI.xcdatamodeld */; };
		43B6CCE92305D33300B87795 /* ContentView.swift in Sources */ = {isa = PBXBuildFile; fileRef = 43B6CCE82305D33300B87795 /* ContentView.swift */; };
		43B6CCEB2305D33400B87795 /* Assets.xcassets in Resources */ = {isa = PBXBuildFile; fileRef = 43B6CCEA2305D33400B87795 /* Assets.xcassets */; };
		43B6CCEE2305D33400B87795 /* Preview Assets.xcassets in Resources */ = {isa = PBXBuildFile; fileRef = 43B6CCED2305D33400B87795 /* Preview Assets.xcassets */; };
		43B6CCF12305D33400B87795 /* LaunchScreen.storyboard in Resources */ = {isa = PBXBuildFile; fileRef = 43B6CCEF2305D33400B87795 /* LaunchScreen.storyboard */; };
		43B6CCFB2305D54200B87795 /* ToDoItem.swift in Sources */ = {isa = PBXBuildFile; fileRef = 43B6CCFA2305D54200B87795 /* ToDoItem.swift */; };
		43B6CCFF2306D63200B87795 /* ToDoItemView.swift in Sources */ = {isa = PBXBuildFile; fileRef = 43B6CCFE2306D63200B87795 /* ToDoItemView.swift */; };
/* End PBXBuildFile section */

/* Begin PBXFileReference section */
		43B6CCDE2305D33300B87795 /* ToDo-SwiftUI.app */ = {isa = PBXFileReference; explicitFileType = wrapper.application; includeInIndex = 0; path = "ToDo-SwiftUI.app"; sourceTree = BUILT_PRODUCTS_DIR; };
		43B6CCE12305D33300B87795 /* AppDelegate.swift */ = {isa = PBXFileReference; lastKnownFileType = sourcecode.swift; path = AppDelegate.swift; sourceTree = "<group>"; };
		43B6CCE32305D33300B87795 /* SceneDelegate.swift */ = {isa = PBXFileReference; lastKnownFileType = sourcecode.swift; path = SceneDelegate.swift; sourceTree = "<group>"; };
		43B6CCE62305D33300B87795 /* ToDo_SwiftUI.xcdatamodel */ = {isa = PBXFileReference; lastKnownFileType = wrapper.xcdatamodel; path = ToDo_SwiftUI.xcdatamodel; sourceTree = "<group>"; };
		43B6CCE82305D33300B87795 /* ContentView.swift */ = {isa = PBXFileReference; lastKnownFileType = sourcecode.swift; path = ContentView.swift; sourceTree = "<group>"; };
		43B6CCEA2305D33400B87795 /* Assets.xcassets */ = {isa = PBXFileReference; lastKnownFileType = folder.assetcatalog; path = Assets.xcassets; sourceTree = "<group>"; };
		43B6CCED2305D33400B87795 /* Preview Assets.xcassets */ = {isa = PBXFileReference; lastKnownFileType = folder.assetcatalog; path = "Preview Assets.xcassets"; sourceTree = "<group>"; };
		43B6CCF02305D33400B87795 /* Base */ = {isa = PBXFileReference; lastKnownFileType = file.storyboard; name = Base; path = Base.lproj/LaunchScreen.storyboard; sourceTree = "<group>"; };
		43B6CCF22305D33400B87795 /* Info.plist */ = {isa = PBXFileReference; lastKnownFileType = text.plist.xml; path = Info.plist; sourceTree = "<group>"; };
		43B6CCFA2305D54200B87795 /* ToDoItem.swift */ = {isa = PBXFileReference; lastKnownFileType = sourcecode.swift; path = ToDoItem.swift; sourceTree = "<group>"; };
		43B6CCFE2306D63200B87795 /* ToDoItemView.swift */ = {isa = PBXFileReference; lastKnownFileType = sourcecode.swift; path = ToDoItemView.swift; sourceTree = "<group>"; };
/* End PBXFileReference section */

/* Begin PBXFrameworksBuildPhase section */
		43B6CCDB2305D33300B87795 /* Frameworks */ = {
			isa = PBXFrameworksBuildPhase;
			buildActionMask = 2147483647;
			files = (
			);
			runOnlyForDeploymentPostprocessing = 0;
		};
/* End PBXFrameworksBuildPhase section */

/* Begin PBXGroup section */
		43B6CCD52305D33300B87795 = {
			isa = PBXGroup;
			children = (
				43B6CCE02305D33300B87795 /* ToDo-SwiftUI */,
				43B6CCDF2305D33300B87795 /* Products */,
			);
			sourceTree = "<group>";
		};
		43B6CCDF2305D33300B87795 /* Products */ = {
			isa = PBXGroup;
			children = (
				43B6CCDE2305D33300B87795 /* ToDo-SwiftUI.app */,
			);
			name = Products;
			sourceTree = "<group>";
		};
		43B6CCE02305D33300B87795 /* ToDo-SwiftUI */ = {
			isa = PBXGroup;
			children = (
				43B6CCE12305D33300B87795 /* AppDelegate.swift */,
				43B6CCE32305D33300B87795 /* SceneDelegate.swift */,
				43B6CCE82305D33300B87795 /* ContentView.swift */,
				43B6CCFA2305D54200B87795 /* ToDoItem.swift */,
				43B6CCFE2306D63200B87795 /* ToDoItemView.swift */,
				43B6CCEA2305D33400B87795 /* Assets.xcassets */,
				43B6CCEF2305D33400B87795 /* LaunchScreen.storyboard */,
				43B6CCF22305D33400B87795 /* Info.plist */,
				43B6CCE52305D33300B87795 /* ToDo_SwiftUI.xcdatamodeld */,
				43B6CCEC2305D33400B87795 /* Preview Content */,
			);
			path = "ToDo-SwiftUI";
			sourceTree = "<group>";
		};
		43B6CCEC2305D33400B87795 /* Preview Content */ = {
			isa = PBXGroup;
			children = (
				43B6CCED2305D33400B87795 /* Preview Assets.xcassets */,
			);
			path = "Preview Content";
			sourceTree = "<group>";
		};
/* End PBXGroup section */

/* Begin PBXNativeTarget section */
		43B6CCDD2305D33300B87795 /* ToDo-SwiftUI */ = {
			isa = PBXNativeTarget;
			buildConfigurationList = 43B6CCF52305D33400B87795 /* Build configuration list for PBXNativeTarget "ToDo-SwiftUI" */;
			buildPhases = (
				43B6CCDA2305D33300B87795 /* Sources */,
				43B6CCDB2305D33300B87795 /* Frameworks */,
				43B6CCDC2305D33300B87795 /* Resources */,
			);
			buildRules = (
			);
			dependencies = (
			);
			name = "ToDo-SwiftUI";
			productName = "ToDo-SwiftUI";
			productReference = 43B6CCDE2305D33300B87795 /* ToDo-SwiftUI.app */;
			productType = "com.apple.product-type.application";
		};
/* End PBXNativeTarget section */

/* Begin PBXProject section */
		43B6CCD62305D33300B87795 /* Project object */ = {
			isa = PBXProject;
			attributes = {
				LastSwiftUpdateCheck = 1100;
				LastUpgradeCheck = 1100;
				ORGANIZATIONNAME = "Przemysław Budziszewski";
				TargetAttributes = {
					43B6CCDD2305D33300B87795 = {
						CreatedOnToolsVersion = 11.0;
					};
				};
			};
			buildConfigurationList = 43B6CCD92305D33300B87795 /* Build configuration list for PBXProject "ToDo-SwiftUI" */;
			compatibilityVersion = "Xcode 9.3";
			developmentRegion = en;
			hasScannedForEncodings = 0;
			knownRegions = (
				en,
				Base,
			);
			mainGroup = 43B6CCD52305D33300B87795;
			productRefGroup = 43B6CCDF2305D33300B87795 /* Products */;
			projectDirPath = "";
			projectRoot = "";
			targets = (
				43B6CCDD2305D33300B87795 /* ToDo-SwiftUI */,
			);
		};
/* End PBXProject section */

/* Begin PBXResourcesBuildPhase section */
		43B6CCDC2305D33300B87795 /* Resources */ = {
			isa = PBXResourcesBuildPhase;
			buildActionMask = 2147483647;
			files = (
				43B6CCF12305D33400B87795 /* LaunchScreen.storyboard in Resources */,
				43B6CCEE2305D33400B87795 /* Preview Assets.xcassets in Resources */,
				43B6CCEB2305D33400B87795 /* Assets.xcassets in Resources */,
			);
			runOnlyForDeploymentPostprocessing = 0;
		};
/* End PBXResourcesBuildPhase section */

/* Begin PBXSourcesBuildPhase section */
		43B6CCDA2305D33300B87795 /* Sources */ = {
			isa = PBXSourcesBuildPhase;
			buildActionMask = 2147483647;
			files = (
				43B6CCE22305D33300B87795 /* AppDelegate.swift in Sources */,
				43B6CCFF2306D63200B87795 /* ToDoItemView.swift in Sources */,
				43B6CCE42305D33300B87795 /* SceneDelegate.swift in Sources */,
				43B6CCFB2305D54200B87795 /* ToDoItem.swift in Sources */,
				43B6CCE92305D33300B87795 /* ContentView.swift in Sources */,
				43B6CCE72305D33300B87795 /* ToDo_SwiftUI.xcdatamodeld in Sources */,
			);
			runOnlyForDeploymentPostprocessing = 0;
		};
/* End PBXSourcesBuildPhase section */

/* Begin PBXVariantGroup section */
		43B6CCEF2305D33400B87795 /* LaunchScreen.storyboard */ = {
			isa = PBXVariantGroup;
			children = (
				43B6CCF02305D33400B87795 /* Base */,
			);
			name = LaunchScreen.storyboard;
			sourceTree = "<group>";
		};
/* End PBXVariantGroup section */

/* Begin XCBuildConfiguration section */
		43B6CCF32305D33400B87795 /* Debug */ = {
			isa = XCBuildConfiguration;
			buildSettings = {
				ALWAYS_SEARCH_USER_PATHS = NO;
				CLANG_ANALYZER_NONNULL = YES;
				CLANG_ANALYZER_NUMBER_OBJECT_CONVERSION = YES_AGGRESSIVE;
				CLANG_CXX_LANGUAGE_STANDARD = "gnu++14";
				CLANG_CXX_LIBRARY = "libc++";
				CLANG_ENABLE_MODULES = YES;
				CLANG_ENABLE_OBJC_ARC = YES;
				CLANG_ENABLE_OBJC_WEAK = YES;
				CLANG_WARN_BLOCK_CAPTURE_AUTORELEASING = YES;
				CLANG_WARN_BOOL_CONVERSION = YES;
				CLANG_WARN_COMMA = YES;
				CLANG_WARN_CONSTANT_CONVERSION = YES;
				CLANG_WARN_DEPRECATED_OBJC_IMPLEMENTATIONS = YES;
				CLANG_WARN_DIRECT_OBJC_ISA_USAGE = YES_ERROR;
				CLANG_WARN_DOCUMENTATION_COMMENTS = YES;
				CLANG_WARN_EMPTY_BODY = YES;
				CLANG_WARN_ENUM_CONVERSION = YES;
				CLANG_WARN_INFINITE_RECURSION = YES;
				CLANG_WARN_INT_CONVERSION = YES;
				CLANG_WARN_NON_LITERAL_NULL_CONVERSION = YES;
				CLANG_WARN_OBJC_IMPLICIT_RETAIN_SELF = YES;
				CLANG_WARN_OBJC_LITERAL_CONVERSION = YES;
				CLANG_WARN_OBJC_ROOT_CLASS = YES_ERROR;
				CLANG_WARN_RANGE_LOOP_ANALYSIS = YES;
				CLANG_WARN_STRICT_PROTOTYPES = YES;
				CLANG_WARN_SUSPICIOUS_MOVE = YES;
				CLANG_WARN_UNGUARDED_AVAILABILITY = YES_AGGRESSIVE;
				CLANG_WARN_UNREACHABLE_CODE = YES;
				CLANG_WARN__DUPLICATE_METHOD_MATCH = YES;
				COPY_PHASE_STRIP = NO;
				DEBUG_INFORMATION_FORMAT = dwarf;
				ENABLE_STRICT_OBJC_MSGSEND = YES;
				ENABLE_TESTABILITY = YES;
				GCC_C_LANGUAGE_STANDARD = gnu11;
				GCC_DYNAMIC_NO_PIC = NO;
				GCC_NO_COMMON_BLOCKS = YES;
				GCC_OPTIMIZATION_LEVEL = 0;
				GCC_PREPROCESSOR_DEFINITIONS = (
					"DEBUG=1",
					"$(inherited)",
				);
				GCC_WARN_64_TO_32_BIT_CONVERSION = YES;
				GCC_WARN_ABOUT_RETURN_TYPE = YES_ERROR;
				GCC_WARN_UNDECLARED_SELECTOR = YES;
				GCC_WARN_UNINITIALIZED_AUTOS = YES_AGGRESSIVE;
				GCC_WARN_UNUSED_FUNCTION = YES;
				GCC_WARN_UNUSED_VARIABLE = YES;
				IPHONEOS_DEPLOYMENT_TARGET = 13.0;
				MTL_ENABLE_DEBUG_INFO = INCLUDE_SOURCE;
				MTL_FAST_MATH = YES;
				ONLY_ACTIVE_ARCH = YES;
				SDKROOT = iphoneos;
				SWIFT_ACTIVE_COMPILATION_CONDITIONS = DEBUG;
				SWIFT_OPTIMIZATION_LEVEL = "-Onone";
			};
			name = Debug;
		};
		43B6CCF42305D33400B87795 /* Release */ = {
			isa = XCBuildConfiguration;
			buildSettings = {
				ALWAYS_SEARCH_USER_PATHS = NO;
				CLANG_ANALYZER_NONNULL = YES;
				CLANG_ANALYZER_NUMBER_OBJECT_CONVERSION = YES_AGGRESSIVE;
				CLANG_CXX_LANGUAGE_STANDARD = "gnu++14";
				CLANG_CXX_LIBRARY = "libc++";
				CLANG_ENABLE_MODULES = YES;
				CLANG_ENABLE_OBJC_ARC = YES;
				CLANG_ENABLE_OBJC_WEAK = YES;
				CLANG_WARN_BLOCK_CAPTURE_AUTORELEASING = YES;
				CLANG_WARN_BOOL_CONVERSION = YES;
				CLANG_WARN_COMMA = YES;
				CLANG_WARN_CONSTANT_CONVERSION = YES;
				CLANG_WARN_DEPRECATED_OBJC_IMPLEMENTATIONS = YES;
				CLANG_WARN_DIRECT_OBJC_ISA_USAGE = YES_ERROR;
				CLANG_WARN_DOCUMENTATION_COMMENTS = YES;
				CLANG_WARN_EMPTY_BODY = YES;
				CLANG_WARN_ENUM_CONVERSION = YES;
				CLANG_WARN_INFINITE_RECURSION = YES;
				CLANG_WARN_INT_CONVERSION = YES;
				CLANG_WARN_NON_LITERAL_NULL_CONVERSION = YES;
				CLANG_WARN_OBJC_IMPLICIT_RETAIN_SELF = YES;
				CLANG_WARN_OBJC_LITERAL_CONVERSION = YES;
				CLANG_WARN_OBJC_ROOT_CLASS = YES_ERROR;
				CLANG_WARN_RANGE_LOOP_ANALYSIS = YES;
				CLANG_WARN_STRICT_PROTOTYPES = YES;
				CLANG_WARN_SUSPICIOUS_MOVE = YES;
				CLANG_WARN_UNGUARDED_AVAILABILITY = YES_AGGRESSIVE;
				CLANG_WARN_UNREACHABLE_CODE = YES;
				CLANG_WARN__DUPLICATE_METHOD_MATCH = YES;
				COPY_PHASE_STRIP = NO;
				DEBUG_INFORMATION_FORMAT = "dwarf-with-dsym";
				ENABLE_NS_ASSERTIONS = NO;
				ENABLE_STRICT_OBJC_MSGSEND = YES;
				GCC_C_LANGUAGE_STANDARD = gnu11;
				GCC_NO_COMMON_BLOCKS = YES;
				GCC_WARN_64_TO_32_BIT_CONVERSION = YES;
				GCC_WARN_ABOUT_RETURN_TYPE = YES_ERROR;
				GCC_WARN_UNDECLARED_SELECTOR = YES;
				GCC_WARN_UNINITIALIZED_AUTOS = YES_AGGRESSIVE;
				GCC_WARN_UNUSED_FUNCTION = YES;
				GCC_WARN_UNUSED_VARIABLE = YES;
				IPHONEOS_DEPLOYMENT_TARGET = 13.0;
				MTL_ENABLE_DEBUG_INFO = NO;
				MTL_FAST_MATH = YES;
				SDKROOT = iphoneos;
				SWIFT_COMPILATION_MODE = wholemodule;
				SWIFT_OPTIMIZATION_LEVEL = "-O";
				VALIDATE_PRODUCT = YES;
			};
			name = Release;
		};
		43B6CCF62305D33400B87795 /* Debug */ = {
			isa = XCBuildConfiguration;
			buildSettings = {
				ASSETCATALOG_COMPILER_APPICON_NAME = AppIcon;
				CODE_SIGN_STYLE = Automatic;
				DEVELOPMENT_ASSET_PATHS = "ToDo-SwiftUI/Preview\\ Content";
				DEVELOPMENT_TEAM = JQH7TGDJL4;
				ENABLE_PREVIEWS = YES;
				INFOPLIST_FILE = "ToDo-SwiftUI/Info.plist";
				LD_RUNPATH_SEARCH_PATHS = (
					"$(inherited)",
					"@executable_path/Frameworks",
				);
				PRODUCT_BUNDLE_IDENTIFIER = "com.przemyslawbudziszewski.ToDo-SwiftUI";
				PRODUCT_NAME = "$(TARGET_NAME)";
				SWIFT_VERSION = 5.0;
				TARGETED_DEVICE_FAMILY = "1,2";
			};
			name = Debug;
		};
		43B6CCF72305D33400B87795 /* Release */ = {
			isa = XCBuildConfiguration;
			buildSettings = {
				ASSETCATALOG_COMPILER_APPICON_NAME = AppIcon;
				CODE_SIGN_STYLE = Automatic;
				DEVELOPMENT_ASSET_PATHS = "ToDo-SwiftUI/Preview\\ Content";
				DEVELOPMENT_TEAM = JQH7TGDJL4;
				ENABLE_PREVIEWS = YES;
				INFOPLIST_FILE = "ToDo-SwiftUI/Info.plist";
				LD_RUNPATH_SEARCH_PATHS = (
					"$(inherited)",
					"@executable_path/Frameworks",
				);
				PRODUCT_BUNDLE_IDENTIFIER = "com.przemyslawbudziszewski.ToDo-SwiftUI";
				PRODUCT_NAME = "$(TARGET_NAME)";
				SWIFT_VERSION = 5.0;
				TARGETED_DEVICE_FAMILY = "1,2";
			};
			name = Release;
		};
/* End XCBuildConfiguration section */

/* Begin XCConfigurationList section */
		43B6CCD92305D33300B87795 /* Build configuration list for PBXProject "ToDo-SwiftUI" */ = {
			isa = XCConfigurationList;
			buildConfigurations = (
				43B6CCF32305D33400B87795 /* Debug */,
				43B6CCF42305D33400B87795 /* Release */,
			);
			defaultConfigurationIsVisible = 0;
			defaultConfigurationName = Release;
		};
		43B6CCF52305D33400B87795 /* Build configuration list for PBXNativeTarget "ToDo-SwiftUI" */ = {
			isa = XCConfigurationList;
			buildConfigurations = (
				43B6CCF62305D33400B87795 /* Debug */,
				43B6CCF72305D33400B87795 /* Release */,
			);
			defaultConfigurationIsVisible = 0;
			defaultConfigurationName = Release;
		};
/* End XCConfigurationList section */

/* Begin XCVersionGroup section */
		43B6CCE52305D33300B87795 /* ToDo_SwiftUI.xcdatamodeld */ = {
			isa = XCVersionGroup;
			children = (
				43B6CCE62305D33300B87795 /* ToDo_SwiftUI.xcdatamodel */,
			);
			currentVersion = 43B6CCE62305D33300B87795 /* ToDo_SwiftUI.xcdatamodel */;
			path = ToDo_SwiftUI.xcdatamodeld;
			sourceTree = "<group>";
			versionGroupType = wrapper.xcdatamodel;
		};
/* End XCVersionGroup section */
	};
	rootObject = 43B6CCD62305D33300B87795 /* Project object */;
}
